
Microsoft Visual Studio Solution File, Format Version 12.00
# Visual Studio 15
VisualStudioVersion = 15.0.27130.2027
MinimumVisualStudioVersion = 10.0.40219.1
Project("{FAE04EC0-301F-11D3-BF4B-00C04F79EFBC}") = "WindowsFormsApp1", "WindowsFormsApp1\WindowsFormsApp1.csproj", "{40CCF36E-F1BC-41C5-9870-E9C6638E7E15}"
EndProject
Global
	GlobalSection(SolutionConfigurationPlatforms) = preSolution
		Debug|Any CPU = Debug|Any CPU
		Release|Any CPU = Release|Any CPU
	EndGlobalSection
	GlobalSection(ProjectConfigurationPlatforms) = postSolution
		{40CCF36E-F1BC-41C5-9870-E9C6638E7E15}.Debug|Any CPU.ActiveCfg = Debug|Any CPU
		{40CCF36E-F1BC-41C5-9870-E9C6638E7E15}.Debug|Any CPU.Build.0 = Debug|Any CPU
		{40CCF36E-F1BC-41C5-9870-E9C6638E7E15}.Release|Any CPU.ActiveCfg = Release|Any CPU
		{40CCF36E-F1BC-41C5-9870-E9C6638E7E15}.Release|Any CPU.Build.0 = Release|Any CPU
	EndGlobalSection
	GlobalSection(SolutionProperties) = preSolution
		HideSolutionNode = FALSE
	EndGlobalSection
	GlobalSection(ExtensibilityGlobals) = postSolution
		SolutionGuid = {31B683C8-8F00-4E2F-91AC-5033278D9CFF}
	EndGlobalSection
EndGlobal
